
Microsoft Visual Studio Solution File, Format Version 12.00
# Visual Studio Version 17
VisualStudioVersion = 17.0.31903.59
MinimumVisualStudioVersion = 10.0.40219.1
Project("{2150E333-8FDC-42A3-9474-1A3956D46DE8}") = "src", "src", "{D45AA382-50A3-49C7-AB31-1AE88FA817FB}"
EndProject
Project("{2150E333-8FDC-42A3-9474-1A3956D46DE8}") = "Application", "Application", "{1B065126-78AF-4567-8FEC-B292DBC7E5E7}"
EndProject
Project("{2150E333-8FDC-42A3-9474-1A3956D46DE8}") = "Web", "Web", "{389227C5-2B43-495B-ACA9-FF17A87E5EF7}"
EndProject
Project("{2150E333-8FDC-42A3-9474-1A3956D46DE8}") = "Service", "Service", "{DD92AE7C-24F5-470C-832F-BBAFED80FA8D}"
EndProject
Project("{2150E333-8FDC-42A3-9474-1A3956D46DE8}") = "Domain", "Domain", "{35E0B486-8DE8-4E94-A7B1-778F911D27C8}"
EndProject
Project("{2150E333-8FDC-42A3-9474-1A3956D46DE8}") = "Core", "Core", "{F2FF62A6-3394-43C8-B9A1-A69021FE2986}"
EndProject
Project("{2150E333-8FDC-42A3-9474-1A3956D46DE8}") = "Services", "Services", "{A1565E33-F1D1-49E5-8C3D-018420342407}"
EndProject
Project("{2150E333-8FDC-42A3-9474-1A3956D46DE8}") = "Client", "Client", "{5A5BBDED-7BE9-49AE-A44D-188235E5AFF4}"
EndProject
Project("{2150E333-8FDC-42A3-9474-1A3956D46DE8}") = "Product", "Product", "{2A414587-F93F-4069-A04F-5E864A6533AB}"
EndProject
Project("{2150E333-8FDC-42A3-9474-1A3956D46DE8}") = "Identity", "Identity", "{11EF3DA2-90E5-408B-9595-D6CBDD24D83A}"
EndProject
Project("{2150E333-8FDC-42A3-9474-1A3956D46DE8}") = "Posting", "Posting", "{74BCAD1F-7B9D-4367-8928-EEAC0D57ACB5}"
EndProject
Project("{FAE04EC0-301F-11D3-BF4B-00C04F79EFBC}") = "Carrefour.ProductApi", "src\Carrefour.Service\Services\Carrefour.ProductApi\Carrefour.ProductApi.csproj", "{44475B4A-D3FA-464B-B6E4-4909D93D6117}"
EndProject
Project("{FAE04EC0-301F-11D3-BF4B-00C04F79EFBC}") = "Carrefour.ClientApi", "src\Carrefour.Service\Services\Carrefour.ClientApi\Carrefour.ClientApi.csproj", "{8964D875-7C58-4AEC-B87B-30E851111BEE}"
EndProject
Project("{FAE04EC0-301F-11D3-BF4B-00C04F79EFBC}") = "Carrefour.Mvc", "src\Carrefour.Application\Carrefour.Mvc\Carrefour.Mvc.csproj", "{75CBAAE3-A185-405A-A581-D1569F192DD5}"
EndProject
Project("{FAE04EC0-301F-11D3-BF4B-00C04F79EFBC}") = "Carrefour.IdentityApi", "src\Carrefour.Service\Services\Carrefour.IdentityApi\Carrefour.IdentityApi.csproj", "{8A079BEE-81D0-4EAA-BAD6-B8FDF0F5F764}"
EndProject
Project("{FAE04EC0-301F-11D3-BF4B-00C04F79EFBC}") = "Carrefour.PostingApi", "src\Carrefour.Service\Services\Carrefour.PostingApi\Carrefour.PostingApi.csproj", "{DC10B62C-3C9C-475E-8B50-4E53A3DD140D}"
EndProject
Project("{FAE04EC0-301F-11D3-BF4B-00C04F79EFBC}") = "Carrefour.Core", "src\Carrefour.Domain\Carrefour.Core\Carrefour.Core.csproj", "{2D52DFCC-F12B-4EDB-AC56-463107F609CE}"
EndProject
Global
	GlobalSection(SolutionConfigurationPlatforms) = preSolution
		Debug|Any CPU = Debug|Any CPU
		Release|Any CPU = Release|Any CPU
	EndGlobalSection
	GlobalSection(ProjectConfigurationPlatforms) = postSolution
		{44475B4A-D3FA-464B-B6E4-4909D93D6117}.Debug|Any CPU.ActiveCfg = Debug|Any CPU
		{44475B4A-D3FA-464B-B6E4-4909D93D6117}.Debug|Any CPU.Build.0 = Debug|Any CPU
		{44475B4A-D3FA-464B-B6E4-4909D93D6117}.Release|Any CPU.ActiveCfg = Release|Any CPU
		{44475B4A-D3FA-464B-B6E4-4909D93D6117}.Release|Any CPU.Build.0 = Release|Any CPU
		{8964D875-7C58-4AEC-B87B-30E851111BEE}.Debug|Any CPU.ActiveCfg = Debug|Any CPU
		{8964D875-7C58-4AEC-B87B-30E851111BEE}.Debug|Any CPU.Build.0 = Debug|Any CPU
		{8964D875-7C58-4AEC-B87B-30E851111BEE}.Release|Any CPU.ActiveCfg = Release|Any CPU
		{8964D875-7C58-4AEC-B87B-30E851111BEE}.Release|Any CPU.Build.0 = Release|Any CPU
		{75CBAAE3-A185-405A-A581-D1569F192DD5}.Debug|Any CPU.ActiveCfg = Debug|Any CPU
		{75CBAAE3-A185-405A-A581-D1569F192DD5}.Debug|Any CPU.Build.0 = Debug|Any CPU
		{75CBAAE3-A185-405A-A581-D1569F192DD5}.Release|Any CPU.ActiveCfg = Release|Any CPU
		{75CBAAE3-A185-405A-A581-D1569F192DD5}.Release|Any CPU.Build.0 = Release|Any CPU
		{8A079BEE-81D0-4EAA-BAD6-B8FDF0F5F764}.Debug|Any CPU.ActiveCfg = Debug|Any CPU
		{8A079BEE-81D0-4EAA-BAD6-B8FDF0F5F764}.Debug|Any CPU.Build.0 = Debug|Any CPU
		{8A079BEE-81D0-4EAA-BAD6-B8FDF0F5F764}.Release|Any CPU.ActiveCfg = Release|Any CPU
		{8A079BEE-81D0-4EAA-BAD6-B8FDF0F5F764}.Release|Any CPU.Build.0 = Release|Any CPU
		{DC10B62C-3C9C-475E-8B50-4E53A3DD140D}.Debug|Any CPU.ActiveCfg = Debug|Any CPU
		{DC10B62C-3C9C-475E-8B50-4E53A3DD140D}.Debug|Any CPU.Build.0 = Debug|Any CPU
		{DC10B62C-3C9C-475E-8B50-4E53A3DD140D}.Release|Any CPU.ActiveCfg = Release|Any CPU
		{DC10B62C-3C9C-475E-8B50-4E53A3DD140D}.Release|Any CPU.Build.0 = Release|Any CPU
		{2D52DFCC-F12B-4EDB-AC56-463107F609CE}.Debug|Any CPU.ActiveCfg = Debug|Any CPU
		{2D52DFCC-F12B-4EDB-AC56-463107F609CE}.Debug|Any CPU.Build.0 = Debug|Any CPU
		{2D52DFCC-F12B-4EDB-AC56-463107F609CE}.Release|Any CPU.ActiveCfg = Release|Any CPU
		{2D52DFCC-F12B-4EDB-AC56-463107F609CE}.Release|Any CPU.Build.0 = Release|Any CPU
	EndGlobalSection
	GlobalSection(SolutionProperties) = preSolution
		HideSolutionNode = FALSE
	EndGlobalSection
	GlobalSection(NestedProjects) = preSolution
		{1B065126-78AF-4567-8FEC-B292DBC7E5E7} = {D45AA382-50A3-49C7-AB31-1AE88FA817FB}
		{389227C5-2B43-495B-ACA9-FF17A87E5EF7} = {1B065126-78AF-4567-8FEC-B292DBC7E5E7}
		{DD92AE7C-24F5-470C-832F-BBAFED80FA8D} = {D45AA382-50A3-49C7-AB31-1AE88FA817FB}
		{35E0B486-8DE8-4E94-A7B1-778F911D27C8} = {D45AA382-50A3-49C7-AB31-1AE88FA817FB}
		{F2FF62A6-3394-43C8-B9A1-A69021FE2986} = {35E0B486-8DE8-4E94-A7B1-778F911D27C8}
		{A1565E33-F1D1-49E5-8C3D-018420342407} = {DD92AE7C-24F5-470C-832F-BBAFED80FA8D}
		{5A5BBDED-7BE9-49AE-A44D-188235E5AFF4} = {A1565E33-F1D1-49E5-8C3D-018420342407}
		{2A414587-F93F-4069-A04F-5E864A6533AB} = {A1565E33-F1D1-49E5-8C3D-018420342407}
		{11EF3DA2-90E5-408B-9595-D6CBDD24D83A} = {A1565E33-F1D1-49E5-8C3D-018420342407}
		{74BCAD1F-7B9D-4367-8928-EEAC0D57ACB5} = {A1565E33-F1D1-49E5-8C3D-018420342407}
		{44475B4A-D3FA-464B-B6E4-4909D93D6117} = {2A414587-F93F-4069-A04F-5E864A6533AB}
		{8964D875-7C58-4AEC-B87B-30E851111BEE} = {5A5BBDED-7BE9-49AE-A44D-188235E5AFF4}
		{75CBAAE3-A185-405A-A581-D1569F192DD5} = {389227C5-2B43-495B-ACA9-FF17A87E5EF7}
		{8A079BEE-81D0-4EAA-BAD6-B8FDF0F5F764} = {11EF3DA2-90E5-408B-9595-D6CBDD24D83A}
		{DC10B62C-3C9C-475E-8B50-4E53A3DD140D} = {74BCAD1F-7B9D-4367-8928-EEAC0D57ACB5}
		{2D52DFCC-F12B-4EDB-AC56-463107F609CE} = {F2FF62A6-3394-43C8-B9A1-A69021FE2986}
	EndGlobalSection
	GlobalSection(ExtensibilityGlobals) = postSolution
		SolutionGuid = {12E91A33-78CD-4E7A-8391-1A602927F5A4}
	EndGlobalSection
EndGlobal
